
Microsoft Visual Studio Solution File, Format Version 12.00
# Visual Studio Version 16
VisualStudioVersion = 16.0.30907.101
MinimumVisualStudioVersion = 10.0.40219.1
Project("{9A19103F-16F7-4668-BE54-9A1E7A4F7556}") = "ShopBridge.Shared", "ShopBridge.Shared\ShopBridge.Shared.csproj", "{7C54D112-B1F7-46F5-AC85-66A4F6EA5767}"
EndProject
Project("{9A19103F-16F7-4668-BE54-9A1E7A4F7556}") = "ShopBridge.Service", "ShopBridge.Service\ShopBridge.Service.csproj", "{C93528EF-88E7-4E83-9B0F-6724276E94EF}"
EndProject
Project("{9A19103F-16F7-4668-BE54-9A1E7A4F7556}") = "ShopBridge.Repository", "ShopBridge.Repository\ShopBridge.Repository.csproj", "{5D31FCC8-5F32-4FD3-8B26-6D5749D89059}"
EndProject
Project("{9A19103F-16F7-4668-BE54-9A1E7A4F7556}") = "ShopBridge.Api", "ShopBridge.Api\ShopBridge.Api.csproj", "{0E1EFF9D-A65A-4011-BCA3-7C7ACD85AAC6}"
EndProject
Project("{9A19103F-16F7-4668-BE54-9A1E7A4F7556}") = "ShopBridge.UnitTest", "ShopBridge.UnitTest\ShopBridge.UnitTest.csproj", "{61A53A19-5BC0-4742-A354-5B648F17392B}"
EndProject
Global
	GlobalSection(SolutionConfigurationPlatforms) = preSolution
		Debug|Any CPU = Debug|Any CPU
		Release|Any CPU = Release|Any CPU
	EndGlobalSection
	GlobalSection(ProjectConfigurationPlatforms) = postSolution
		{7C54D112-B1F7-46F5-AC85-66A4F6EA5767}.Debug|Any CPU.ActiveCfg = Debug|Any CPU
		{7C54D112-B1F7-46F5-AC85-66A4F6EA5767}.Debug|Any CPU.Build.0 = Debug|Any CPU
		{7C54D112-B1F7-46F5-AC85-66A4F6EA5767}.Release|Any CPU.ActiveCfg = Release|Any CPU
		{7C54D112-B1F7-46F5-AC85-66A4F6EA5767}.Release|Any CPU.Build.0 = Release|Any CPU
		{C93528EF-88E7-4E83-9B0F-6724276E94EF}.Debug|Any CPU.ActiveCfg = Debug|Any CPU
		{C93528EF-88E7-4E83-9B0F-6724276E94EF}.Debug|Any CPU.Build.0 = Debug|Any CPU
		{C93528EF-88E7-4E83-9B0F-6724276E94EF}.Release|Any CPU.ActiveCfg = Release|Any CPU
		{C93528EF-88E7-4E83-9B0F-6724276E94EF}.Release|Any CPU.Build.0 = Release|Any CPU
		{5D31FCC8-5F32-4FD3-8B26-6D5749D89059}.Debug|Any CPU.ActiveCfg = Debug|Any CPU
		{5D31FCC8-5F32-4FD3-8B26-6D5749D89059}.Debug|Any CPU.Build.0 = Debug|Any CPU
		{5D31FCC8-5F32-4FD3-8B26-6D5749D89059}.Release|Any CPU.ActiveCfg = Release|Any CPU
		{5D31FCC8-5F32-4FD3-8B26-6D5749D89059}.Release|Any CPU.Build.0 = Release|Any CPU
		{0E1EFF9D-A65A-4011-BCA3-7C7ACD85AAC6}.Debug|Any CPU.ActiveCfg = Debug|Any CPU
		{0E1EFF9D-A65A-4011-BCA3-7C7ACD85AAC6}.Debug|Any CPU.Build.0 = Debug|Any CPU
		{0E1EFF9D-A65A-4011-BCA3-7C7ACD85AAC6}.Release|Any CPU.ActiveCfg = Release|Any CPU
		{0E1EFF9D-A65A-4011-BCA3-7C7ACD85AAC6}.Release|Any CPU.Build.0 = Release|Any CPU
		{61A53A19-5BC0-4742-A354-5B648F17392B}.Debug|Any CPU.ActiveCfg = Debug|Any CPU
		{61A53A19-5BC0-4742-A354-5B648F17392B}.Debug|Any CPU.Build.0 = Debug|Any CPU
		{61A53A19-5BC0-4742-A354-5B648F17392B}.Release|Any CPU.ActiveCfg = Release|Any CPU
		{61A53A19-5BC0-4742-A354-5B648F17392B}.Release|Any CPU.Build.0 = Release|Any CPU
	EndGlobalSection
	GlobalSection(SolutionProperties) = preSolution
		HideSolutionNode = FALSE
	EndGlobalSection
	GlobalSection(ExtensibilityGlobals) = postSolution
		SolutionGuid = {A007D19E-29BB-4E40-9AF3-3204E931F464}
	EndGlobalSection
EndGlobal
